// !$*UTF8*$!
{
	archiveVersion = 1;
	classes = {
	};
	objectVersion = 50;
	objects = {

/* Begin PBXBuildFile section */
		D97E47DB2668EC5100E5BA4F /* DMS WatchKit App.app in Embed Watch Content */ = {isa = PBXBuildFile; fileRef = D97E47DA2668EC5100E5BA4F /* DMS WatchKit App.app */; settings = {ATTRIBUTES = (RemoveHeadersOnCopy, ); }; };
		D97E47E12668EC5100E5BA4F /* Interface.storyboard in Resources */ = {isa = PBXBuildFile; fileRef = D97E47DF2668EC5100E5BA4F /* Interface.storyboard */; };
		D97E47E32668EC5300E5BA4F /* Assets.xcassets in Resources */ = {isa = PBXBuildFile; fileRef = D97E47E22668EC5300E5BA4F /* Assets.xcassets */; };
		D97E47EA2668EC5300E5BA4F /* DMS WatchKit Extension.appex in Embed App Extensions */ = {isa = PBXBuildFile; fileRef = D97E47E92668EC5300E5BA4F /* DMS WatchKit Extension.appex */; settings = {ATTRIBUTES = (RemoveHeadersOnCopy, ); }; };
		D97E47EF2668EC5300E5BA4F /* HostingController.swift in Sources */ = {isa = PBXBuildFile; fileRef = D97E47EE2668EC5300E5BA4F /* HostingController.swift */; };
		D97E47F12668EC5300E5BA4F /* ContentView.swift in Sources */ = {isa = PBXBuildFile; fileRef = D97E47F02668EC5300E5BA4F /* ContentView.swift */; };
		D97E47F32668EC5300E5BA4F /* ExtensionDelegate.swift in Sources */ = {isa = PBXBuildFile; fileRef = D97E47F22668EC5300E5BA4F /* ExtensionDelegate.swift */; };
		D97E47F52668EC5300E5BA4F /* NotificationController.swift in Sources */ = {isa = PBXBuildFile; fileRef = D97E47F42668EC5300E5BA4F /* NotificationController.swift */; };
		D97E47F72668EC5300E5BA4F /* NotificationView.swift in Sources */ = {isa = PBXBuildFile; fileRef = D97E47F62668EC5300E5BA4F /* NotificationView.swift */; };
		D97E47F92668EC5300E5BA4F /* ComplicationController.swift in Sources */ = {isa = PBXBuildFile; fileRef = D97E47F82668EC5300E5BA4F /* ComplicationController.swift */; };
		D97E47FB2668EC5600E5BA4F /* Assets.xcassets in Resources */ = {isa = PBXBuildFile; fileRef = D97E47FA2668EC5600E5BA4F /* Assets.xcassets */; };
		D97E47FE2668EC5600E5BA4F /* Preview Assets.xcassets in Resources */ = {isa = PBXBuildFile; fileRef = D97E47FD2668EC5600E5BA4F /* Preview Assets.xcassets */; };
		D97E480F2668EC7000E5BA4F /* ContentViewModel.swift in Sources */ = {isa = PBXBuildFile; fileRef = D97E480E2668EC7000E5BA4F /* ContentViewModel.swift */; };
/* End PBXBuildFile section */

/* Begin PBXContainerItemProxy section */
		D97E47DC2668EC5100E5BA4F /* PBXContainerItemProxy */ = {
			isa = PBXContainerItemProxy;
			containerPortal = D97E47D02668EC5000E5BA4F /* Project object */;
			proxyType = 1;
			remoteGlobalIDString = D97E47D92668EC5100E5BA4F;
			remoteInfo = "DMS WatchKit App";
		};
		D97E47EB2668EC5300E5BA4F /* PBXContainerItemProxy */ = {
			isa = PBXContainerItemProxy;
			containerPortal = D97E47D02668EC5000E5BA4F /* Project object */;
			proxyType = 1;
			remoteGlobalIDString = D97E47E82668EC5300E5BA4F;
			remoteInfo = "DMS WatchKit Extension";
		};
/* End PBXContainerItemProxy section */

/* Begin PBXCopyFilesBuildPhase section */
		D97E48062668EC5600E5BA4F /* Embed App Extensions */ = {
			isa = PBXCopyFilesBuildPhase;
			buildActionMask = 2147483647;
			dstPath = "";
			dstSubfolderSpec = 13;
			files = (
				D97E47EA2668EC5300E5BA4F /* DMS WatchKit Extension.appex in Embed App Extensions */,
			);
			name = "Embed App Extensions";
			runOnlyForDeploymentPostprocessing = 0;
		};
		D97E480A2668EC5600E5BA4F /* Embed Watch Content */ = {
			isa = PBXCopyFilesBuildPhase;
			buildActionMask = 2147483647;
			dstPath = "$(CONTENTS_FOLDER_PATH)/Watch";
			dstSubfolderSpec = 16;
			files = (
				D97E47DB2668EC5100E5BA4F /* DMS WatchKit App.app in Embed Watch Content */,
			);
			name = "Embed Watch Content";
			runOnlyForDeploymentPostprocessing = 0;
		};
/* End PBXCopyFilesBuildPhase section */

/* Begin PBXFileReference section */
		D97E47D62668EC5000E5BA4F /* DMS.app */ = {isa = PBXFileReference; explicitFileType = wrapper.application; includeInIndex = 0; path = DMS.app; sourceTree = BUILT_PRODUCTS_DIR; };
		D97E47DA2668EC5100E5BA4F /* DMS WatchKit App.app */ = {isa = PBXFileReference; explicitFileType = wrapper.application; includeInIndex = 0; path = "DMS WatchKit App.app"; sourceTree = BUILT_PRODUCTS_DIR; };
		D97E47E02668EC5100E5BA4F /* Base */ = {isa = PBXFileReference; lastKnownFileType = file.storyboard; name = Base; path = Base.lproj/Interface.storyboard; sourceTree = "<group>"; };
		D97E47E22668EC5300E5BA4F /* Assets.xcassets */ = {isa = PBXFileReference; lastKnownFileType = folder.assetcatalog; path = Assets.xcassets; sourceTree = "<group>"; };
		D97E47E42668EC5300E5BA4F /* Info.plist */ = {isa = PBXFileReference; lastKnownFileType = text.plist.xml; path = Info.plist; sourceTree = "<group>"; };
		D97E47E92668EC5300E5BA4F /* DMS WatchKit Extension.appex */ = {isa = PBXFileReference; explicitFileType = "wrapper.app-extension"; includeInIndex = 0; path = "DMS WatchKit Extension.appex"; sourceTree = BUILT_PRODUCTS_DIR; };
		D97E47EE2668EC5300E5BA4F /* HostingController.swift */ = {isa = PBXFileReference; lastKnownFileType = sourcecode.swift; path = HostingController.swift; sourceTree = "<group>"; };
		D97E47F02668EC5300E5BA4F /* ContentView.swift */ = {isa = PBXFileReference; lastKnownFileType = sourcecode.swift; path = ContentView.swift; sourceTree = "<group>"; };
		D97E47F22668EC5300E5BA4F /* ExtensionDelegate.swift */ = {isa = PBXFileReference; lastKnownFileType = sourcecode.swift; path = ExtensionDelegate.swift; sourceTree = "<group>"; };
		D97E47F42668EC5300E5BA4F /* NotificationController.swift */ = {isa = PBXFileReference; lastKnownFileType = sourcecode.swift; path = NotificationController.swift; sourceTree = "<group>"; };
		D97E47F62668EC5300E5BA4F /* NotificationView.swift */ = {isa = PBXFileReference; lastKnownFileType = sourcecode.swift; path = NotificationView.swift; sourceTree = "<group>"; };
		D97E47F82668EC5300E5BA4F /* ComplicationController.swift */ = {isa = PBXFileReference; lastKnownFileType = sourcecode.swift; path = ComplicationController.swift; sourceTree = "<group>"; };
		D97E47FA2668EC5600E5BA4F /* Assets.xcassets */ = {isa = PBXFileReference; lastKnownFileType = folder.assetcatalog; path = Assets.xcassets; sourceTree = "<group>"; };
		D97E47FD2668EC5600E5BA4F /* Preview Assets.xcassets */ = {isa = PBXFileReference; lastKnownFileType = folder.assetcatalog; path = "Preview Assets.xcassets"; sourceTree = "<group>"; };
		D97E47FF2668EC5600E5BA4F /* Info.plist */ = {isa = PBXFileReference; lastKnownFileType = text.plist.xml; path = Info.plist; sourceTree = "<group>"; };
		D97E48002668EC5600E5BA4F /* PushNotificationPayload.apns */ = {isa = PBXFileReference; lastKnownFileType = text; path = PushNotificationPayload.apns; sourceTree = "<group>"; };
		D97E480E2668EC7000E5BA4F /* ContentViewModel.swift */ = {isa = PBXFileReference; lastKnownFileType = sourcecode.swift; path = ContentViewModel.swift; sourceTree = "<group>"; };
/* End PBXFileReference section */

/* Begin PBXFrameworksBuildPhase section */
		D97E47E62668EC5300E5BA4F /* Frameworks */ = {
			isa = PBXFrameworksBuildPhase;
			buildActionMask = 2147483647;
			files = (
			);
			runOnlyForDeploymentPostprocessing = 0;
		};
/* End PBXFrameworksBuildPhase section */

/* Begin PBXGroup section */
		D97E47CF2668EC5000E5BA4F = {
			isa = PBXGroup;
			children = (
				D97E47DE2668EC5100E5BA4F /* DMS WatchKit App */,
				D97E47ED2668EC5300E5BA4F /* DMS WatchKit Extension */,
				D97E47D72668EC5000E5BA4F /* Products */,
			);
			sourceTree = "<group>";
		};
		D97E47D72668EC5000E5BA4F /* Products */ = {
			isa = PBXGroup;
			children = (
				D97E47D62668EC5000E5BA4F /* DMS.app */,
				D97E47DA2668EC5100E5BA4F /* DMS WatchKit App.app */,
				D97E47E92668EC5300E5BA4F /* DMS WatchKit Extension.appex */,
			);
			name = Products;
			sourceTree = "<group>";
		};
		D97E47DE2668EC5100E5BA4F /* DMS WatchKit App */ = {
			isa = PBXGroup;
			children = (
				D97E47DF2668EC5100E5BA4F /* Interface.storyboard */,
				D97E47E22668EC5300E5BA4F /* Assets.xcassets */,
				D97E47E42668EC5300E5BA4F /* Info.plist */,
			);
			path = "DMS WatchKit App";
			sourceTree = "<group>";
		};
		D97E47ED2668EC5300E5BA4F /* DMS WatchKit Extension */ = {
			isa = PBXGroup;
			children = (
				D97E47EE2668EC5300E5BA4F /* HostingController.swift */,
				D97E47F02668EC5300E5BA4F /* ContentView.swift */,
				D97E480E2668EC7000E5BA4F /* ContentViewModel.swift */,
				D97E47F22668EC5300E5BA4F /* ExtensionDelegate.swift */,
				D97E47F42668EC5300E5BA4F /* NotificationController.swift */,
				D97E47F62668EC5300E5BA4F /* NotificationView.swift */,
				D97E47F82668EC5300E5BA4F /* ComplicationController.swift */,
				D97E47FA2668EC5600E5BA4F /* Assets.xcassets */,
				D97E47FF2668EC5600E5BA4F /* Info.plist */,
				D97E48002668EC5600E5BA4F /* PushNotificationPayload.apns */,
				D97E47FC2668EC5600E5BA4F /* Preview Content */,
			);
			path = "DMS WatchKit Extension";
			sourceTree = "<group>";
		};
		D97E47FC2668EC5600E5BA4F /* Preview Content */ = {
			isa = PBXGroup;
			children = (
				D97E47FD2668EC5600E5BA4F /* Preview Assets.xcassets */,
			);
			path = "Preview Content";
			sourceTree = "<group>";
		};
/* End PBXGroup section */

/* Begin PBXNativeTarget section */
		D97E47D52668EC5000E5BA4F /* DMS */ = {
			isa = PBXNativeTarget;
			buildConfigurationList = D97E480B2668EC5600E5BA4F /* Build configuration list for PBXNativeTarget "DMS" */;
			buildPhases = (
				D97E47D42668EC5000E5BA4F /* Resources */,
				D97E480A2668EC5600E5BA4F /* Embed Watch Content */,
			);
			buildRules = (
			);
			dependencies = (
				D97E47DD2668EC5100E5BA4F /* PBXTargetDependency */,
			);
			name = DMS;
			productName = DMS;
			productReference = D97E47D62668EC5000E5BA4F /* DMS.app */;
			productType = "com.apple.product-type.application.watchapp2-container";
		};
		D97E47D92668EC5100E5BA4F /* DMS WatchKit App */ = {
			isa = PBXNativeTarget;
			buildConfigurationList = D97E48072668EC5600E5BA4F /* Build configuration list for PBXNativeTarget "DMS WatchKit App" */;
			buildPhases = (
				D97E47D82668EC5100E5BA4F /* Resources */,
				D97E48062668EC5600E5BA4F /* Embed App Extensions */,
			);
			buildRules = (
			);
			dependencies = (
				D97E47EC2668EC5300E5BA4F /* PBXTargetDependency */,
			);
			name = "DMS WatchKit App";
			productName = "DMS WatchKit App";
			productReference = D97E47DA2668EC5100E5BA4F /* DMS WatchKit App.app */;
			productType = "com.apple.product-type.application.watchapp2";
		};
		D97E47E82668EC5300E5BA4F /* DMS WatchKit Extension */ = {
			isa = PBXNativeTarget;
			buildConfigurationList = D97E48032668EC5600E5BA4F /* Build configuration list for PBXNativeTarget "DMS WatchKit Extension" */;
			buildPhases = (
				D97E47E52668EC5300E5BA4F /* Sources */,
				D97E47E62668EC5300E5BA4F /* Frameworks */,
				D97E47E72668EC5300E5BA4F /* Resources */,
			);
			buildRules = (
			);
			dependencies = (
			);
			name = "DMS WatchKit Extension";
			productName = "DMS WatchKit Extension";
			productReference = D97E47E92668EC5300E5BA4F /* DMS WatchKit Extension.appex */;
			productType = "com.apple.product-type.watchkit2-extension";
		};
/* End PBXNativeTarget section */

/* Begin PBXProject section */
		D97E47D02668EC5000E5BA4F /* Project object */ = {
			isa = PBXProject;
			attributes = {
				LastSwiftUpdateCheck = 1250;
				LastUpgradeCheck = 1250;
				TargetAttributes = {
					D97E47D52668EC5000E5BA4F = {
						CreatedOnToolsVersion = 12.5;
					};
					D97E47D92668EC5100E5BA4F = {
						CreatedOnToolsVersion = 12.5;
					};
					D97E47E82668EC5300E5BA4F = {
						CreatedOnToolsVersion = 12.5;
					};
				};
			};
			buildConfigurationList = D97E47D32668EC5000E5BA4F /* Build configuration list for PBXProject "DMS" */;
			compatibilityVersion = "Xcode 9.3";
			developmentRegion = en;
			hasScannedForEncodings = 0;
			knownRegions = (
				en,
				Base,
			);
			mainGroup = D97E47CF2668EC5000E5BA4F;
			productRefGroup = D97E47D72668EC5000E5BA4F /* Products */;
			projectDirPath = "";
			projectRoot = "";
			targets = (
				D97E47D52668EC5000E5BA4F /* DMS */,
				D97E47D92668EC5100E5BA4F /* DMS WatchKit App */,
				D97E47E82668EC5300E5BA4F /* DMS WatchKit Extension */,
			);
		};
/* End PBXProject section */

/* Begin PBXResourcesBuildPhase section */
		D97E47D42668EC5000E5BA4F /* Resources */ = {
			isa = PBXResourcesBuildPhase;
			buildActionMask = 2147483647;
			files = (
			);
			runOnlyForDeploymentPostprocessing = 0;
		};
		D97E47D82668EC5100E5BA4F /* Resources */ = {
			isa = PBXResourcesBuildPhase;
			buildActionMask = 2147483647;
			files = (
				D97E47E32668EC5300E5BA4F /* Assets.xcassets in Resources */,
				D97E47E12668EC5100E5BA4F /* Interface.storyboard in Resources */,
			);
			runOnlyForDeploymentPostprocessing = 0;
		};
		D97E47E72668EC5300E5BA4F /* Resources */ = {
			isa = PBXResourcesBuildPhase;
			buildActionMask = 2147483647;
			files = (
				D97E47FE2668EC5600E5BA4F /* Preview Assets.xcassets in Resources */,
				D97E47FB2668EC5600E5BA4F /* Assets.xcassets in Resources */,
			);
			runOnlyForDeploymentPostprocessing = 0;
		};
/* End PBXResourcesBuildPhase section */

/* Begin PBXSourcesBuildPhase section */
		D97E47E52668EC5300E5BA4F /* Sources */ = {
			isa = PBXSourcesBuildPhase;
			buildActionMask = 2147483647;
			files = (
				D97E47F12668EC5300E5BA4F /* ContentView.swift in Sources */,
				D97E47EF2668EC5300E5BA4F /* HostingController.swift in Sources */,
				D97E47F52668EC5300E5BA4F /* NotificationController.swift in Sources */,
				D97E480F2668EC7000E5BA4F /* ContentViewModel.swift in Sources */,
				D97E47F32668EC5300E5BA4F /* ExtensionDelegate.swift in Sources */,
				D97E47F72668EC5300E5BA4F /* NotificationView.swift in Sources */,
				D97E47F92668EC5300E5BA4F /* ComplicationController.swift in Sources */,
			);
			runOnlyForDeploymentPostprocessing = 0;
		};
/* End PBXSourcesBuildPhase section */

/* Begin PBXTargetDependency section */
		D97E47DD2668EC5100E5BA4F /* PBXTargetDependency */ = {
			isa = PBXTargetDependency;
			target = D97E47D92668EC5100E5BA4F /* DMS WatchKit App */;
			targetProxy = D97E47DC2668EC5100E5BA4F /* PBXContainerItemProxy */;
		};
		D97E47EC2668EC5300E5BA4F /* PBXTargetDependency */ = {
			isa = PBXTargetDependency;
			target = D97E47E82668EC5300E5BA4F /* DMS WatchKit Extension */;
			targetProxy = D97E47EB2668EC5300E5BA4F /* PBXContainerItemProxy */;
		};
/* End PBXTargetDependency section */

/* Begin PBXVariantGroup section */
		D97E47DF2668EC5100E5BA4F /* Interface.storyboard */ = {
			isa = PBXVariantGroup;
			children = (
				D97E47E02668EC5100E5BA4F /* Base */,
			);
			name = Interface.storyboard;
			sourceTree = "<group>";
		};
/* End PBXVariantGroup section */

/* Begin XCBuildConfiguration section */
		D97E48012668EC5600E5BA4F /* Debug */ = {
			isa = XCBuildConfiguration;
			buildSettings = {
				ALWAYS_SEARCH_USER_PATHS = NO;
				CLANG_ANALYZER_NONNULL = YES;
				CLANG_ANALYZER_NUMBER_OBJECT_CONVERSION = YES_AGGRESSIVE;
				CLANG_CXX_LANGUAGE_STANDARD = "gnu++14";
				CLANG_CXX_LIBRARY = "libc++";
				CLANG_ENABLE_MODULES = YES;
				CLANG_ENABLE_OBJC_ARC = YES;
				CLANG_ENABLE_OBJC_WEAK = YES;
				CLANG_WARN_BLOCK_CAPTURE_AUTORELEASING = YES;
				CLANG_WARN_BOOL_CONVERSION = YES;
				CLANG_WARN_COMMA = YES;
				CLANG_WARN_CONSTANT_CONVERSION = YES;
				CLANG_WARN_DEPRECATED_OBJC_IMPLEMENTATIONS = YES;
				CLANG_WARN_DIRECT_OBJC_ISA_USAGE = YES_ERROR;
				CLANG_WARN_DOCUMENTATION_COMMENTS = YES;
				CLANG_WARN_EMPTY_BODY = YES;
				CLANG_WARN_ENUM_CONVERSION = YES;
				CLANG_WARN_INFINITE_RECURSION = YES;
				CLANG_WARN_INT_CONVERSION = YES;
				CLANG_WARN_NON_LITERAL_NULL_CONVERSION = YES;
				CLANG_WARN_OBJC_IMPLICIT_RETAIN_SELF = YES;
				CLANG_WARN_OBJC_LITERAL_CONVERSION = YES;
				CLANG_WARN_OBJC_ROOT_CLASS = YES_ERROR;
				CLANG_WARN_QUOTED_INCLUDE_IN_FRAMEWORK_HEADER = YES;
				CLANG_WARN_RANGE_LOOP_ANALYSIS = YES;
				CLANG_WARN_STRICT_PROTOTYPES = YES;
				CLANG_WARN_SUSPICIOUS_MOVE = YES;
				CLANG_WARN_UNGUARDED_AVAILABILITY = YES_AGGRESSIVE;
				CLANG_WARN_UNREACHABLE_CODE = YES;
				CLANG_WARN__DUPLICATE_METHOD_MATCH = YES;
				COPY_PHASE_STRIP = NO;
				DEBUG_INFORMATION_FORMAT = dwarf;
				ENABLE_STRICT_OBJC_MSGSEND = YES;
				ENABLE_TESTABILITY = YES;
				GCC_C_LANGUAGE_STANDARD = gnu11;
				GCC_DYNAMIC_NO_PIC = NO;
				GCC_NO_COMMON_BLOCKS = YES;
				GCC_OPTIMIZATION_LEVEL = 0;
				GCC_PREPROCESSOR_DEFINITIONS = (
					"DEBUG=1",
					"$(inherited)",
				);
				GCC_WARN_64_TO_32_BIT_CONVERSION = YES;
				GCC_WARN_ABOUT_RETURN_TYPE = YES_ERROR;
				GCC_WARN_UNDECLARED_SELECTOR = YES;
				GCC_WARN_UNINITIALIZED_AUTOS = YES_AGGRESSIVE;
				GCC_WARN_UNUSED_FUNCTION = YES;
				GCC_WARN_UNUSED_VARIABLE = YES;
				MTL_ENABLE_DEBUG_INFO = INCLUDE_SOURCE;
				MTL_FAST_MATH = YES;
				ONLY_ACTIVE_ARCH = YES;
				SDKROOT = iphoneos;
				SWIFT_ACTIVE_COMPILATION_CONDITIONS = DEBUG;
				SWIFT_OPTIMIZATION_LEVEL = "-Onone";
			};
			name = Debug;
		};
		D97E48022668EC5600E5BA4F /* Release */ = {
			isa = XCBuildConfiguration;
			buildSettings = {
				ALWAYS_SEARCH_USER_PATHS = NO;
				CLANG_ANALYZER_NONNULL = YES;
				CLANG_ANALYZER_NUMBER_OBJECT_CONVERSION = YES_AGGRESSIVE;
				CLANG_CXX_LANGUAGE_STANDARD = "gnu++14";
				CLANG_CXX_LIBRARY = "libc++";
				CLANG_ENABLE_MODULES = YES;
				CLANG_ENABLE_OBJC_ARC = YES;
				CLANG_ENABLE_OBJC_WEAK = YES;
				CLANG_WARN_BLOCK_CAPTURE_AUTORELEASING = YES;
				CLANG_WARN_BOOL_CONVERSION = YES;
				CLANG_WARN_COMMA = YES;
				CLANG_WARN_CONSTANT_CONVERSION = YES;
				CLANG_WARN_DEPRECATED_OBJC_IMPLEMENTATIONS = YES;
				CLANG_WARN_DIRECT_OBJC_ISA_USAGE = YES_ERROR;
				CLANG_WARN_DOCUMENTATION_COMMENTS = YES;
				CLANG_WARN_EMPTY_BODY = YES;
				CLANG_WARN_ENUM_CONVERSION = YES;
				CLANG_WARN_INFINITE_RECURSION = YES;
				CLANG_WARN_INT_CONVERSION = YES;
				CLANG_WARN_NON_LITERAL_NULL_CONVERSION = YES;
				CLANG_WARN_OBJC_IMPLICIT_RETAIN_SELF = YES;
				CLANG_WARN_OBJC_LITERAL_CONVERSION = YES;
				CLANG_WARN_OBJC_ROOT_CLASS = YES_ERROR;
				CLANG_WARN_QUOTED_INCLUDE_IN_FRAMEWORK_HEADER = YES;
				CLANG_WARN_RANGE_LOOP_ANALYSIS = YES;
				CLANG_WARN_STRICT_PROTOTYPES = YES;
				CLANG_WARN_SUSPICIOUS_MOVE = YES;
				CLANG_WARN_UNGUARDED_AVAILABILITY = YES_AGGRESSIVE;
				CLANG_WARN_UNREACHABLE_CODE = YES;
				CLANG_WARN__DUPLICATE_METHOD_MATCH = YES;
				COPY_PHASE_STRIP = NO;
				DEBUG_INFORMATION_FORMAT = "dwarf-with-dsym";
				ENABLE_NS_ASSERTIONS = NO;
				ENABLE_STRICT_OBJC_MSGSEND = YES;
				GCC_C_LANGUAGE_STANDARD = gnu11;
				GCC_NO_COMMON_BLOCKS = YES;
				GCC_WARN_64_TO_32_BIT_CONVERSION = YES;
				GCC_WARN_ABOUT_RETURN_TYPE = YES_ERROR;
				GCC_WARN_UNDECLARED_SELECTOR = YES;
				GCC_WARN_UNINITIALIZED_AUTOS = YES_AGGRESSIVE;
				GCC_WARN_UNUSED_FUNCTION = YES;
				GCC_WARN_UNUSED_VARIABLE = YES;
				MTL_ENABLE_DEBUG_INFO = NO;
				MTL_FAST_MATH = YES;
				SDKROOT = iphoneos;
				SWIFT_COMPILATION_MODE = wholemodule;
				SWIFT_OPTIMIZATION_LEVEL = "-O";
				VALIDATE_PRODUCT = YES;
			};
			name = Release;
		};
		D97E48042668EC5600E5BA4F /* Debug */ = {
			isa = XCBuildConfiguration;
			buildSettings = {
				ASSETCATALOG_COMPILER_COMPLICATION_NAME = Complication;
				CODE_SIGN_STYLE = Automatic;
				DEVELOPMENT_ASSET_PATHS = "\"DMS WatchKit Extension/Preview Content\"";
				DEVELOPMENT_TEAM = "";
				ENABLE_PREVIEWS = YES;
				INFOPLIST_FILE = "DMS WatchKit Extension/Info.plist";
				LD_RUNPATH_SEARCH_PATHS = (
					"$(inherited)",
					"@executable_path/Frameworks",
					"@executable_path/../../Frameworks",
				);
				PRODUCT_BUNDLE_IDENTIFIER = com.jeonggo.DMS.watchkitapp.watchkitextension;
				PRODUCT_NAME = "${TARGET_NAME}";
				SDKROOT = watchos;
				SKIP_INSTALL = YES;
				SWIFT_VERSION = 5.0;
				TARGETED_DEVICE_FAMILY = 4;
				WATCHOS_DEPLOYMENT_TARGET = 7.4;
			};
			name = Debug;
		};
		D97E48052668EC5600E5BA4F /* Release */ = {
			isa = XCBuildConfiguration;
			buildSettings = {
				ASSETCATALOG_COMPILER_COMPLICATION_NAME = Complication;
				CODE_SIGN_STYLE = Automatic;
				DEVELOPMENT_ASSET_PATHS = "\"DMS WatchKit Extension/Preview Content\"";
				DEVELOPMENT_TEAM = "";
				ENABLE_PREVIEWS = YES;
				INFOPLIST_FILE = "DMS WatchKit Extension/Info.plist";
				LD_RUNPATH_SEARCH_PATHS = (
					"$(inherited)",
					"@executable_path/Frameworks",
					"@executable_path/../../Frameworks",
				);
				PRODUCT_BUNDLE_IDENTIFIER = com.jeonggo.DMS.watchkitapp.watchkitextension;
				PRODUCT_NAME = "${TARGET_NAME}";
				SDKROOT = watchos;
				SKIP_INSTALL = YES;
				SWIFT_VERSION = 5.0;
				TARGETED_DEVICE_FAMILY = 4;
				WATCHOS_DEPLOYMENT_TARGET = 7.4;
			};
			name = Release;
		};
		D97E48082668EC5600E5BA4F /* Debug */ = {
			isa = XCBuildConfiguration;
			buildSettings = {
				ALWAYS_EMBED_SWIFT_STANDARD_LIBRARIES = YES;
				ASSETCATALOG_COMPILER_APPICON_NAME = AppIcon;
				ASSETCATALOG_COMPILER_GLOBAL_ACCENT_COLOR_NAME = AccentColor;
				CODE_SIGN_STYLE = Automatic;
				DEVELOPMENT_TEAM = "";
				IBSC_MODULE = DMS_WatchKit_Extension;
				INFOPLIST_FILE = "DMS WatchKit App/Info.plist";
				PRODUCT_BUNDLE_IDENTIFIER = com.jeonggo.DMS.watchkitapp;
				PRODUCT_NAME = "$(TARGET_NAME)";
				SDKROOT = watchos;
				SKIP_INSTALL = YES;
				SWIFT_VERSION = 5.0;
				TARGETED_DEVICE_FAMILY = 4;
				WATCHOS_DEPLOYMENT_TARGET = 7.4;
			};
			name = Debug;
		};
		D97E48092668EC5600E5BA4F /* Release */ = {
			isa = XCBuildConfiguration;
			buildSettings = {
				ALWAYS_EMBED_SWIFT_STANDARD_LIBRARIES = YES;
				ASSETCATALOG_COMPILER_APPICON_NAME = AppIcon;
				ASSETCATALOG_COMPILER_GLOBAL_ACCENT_COLOR_NAME = AccentColor;
				CODE_SIGN_STYLE = Automatic;
				DEVELOPMENT_TEAM = "";
				IBSC_MODULE = DMS_WatchKit_Extension;
				INFOPLIST_FILE = "DMS WatchKit App/Info.plist";
				PRODUCT_BUNDLE_IDENTIFIER = com.jeonggo.DMS.watchkitapp;
				PRODUCT_NAME = "$(TARGET_NAME)";
				SDKROOT = watchos;
				SKIP_INSTALL = YES;
				SWIFT_VERSION = 5.0;
				TARGETED_DEVICE_FAMILY = 4;
				WATCHOS_DEPLOYMENT_TARGET = 7.4;
			};
			name = Release;
		};
		D97E480C2668EC5600E5BA4F /* Debug */ = {
			isa = XCBuildConfiguration;
			buildSettings = {
				CODE_SIGN_STYLE = Automatic;
				CURRENT_PROJECT_VERSION = 1;
				DEVELOPMENT_TEAM = Z25H7B85Z8;
				MARKETING_VERSION = 1.0;
				PRODUCT_BUNDLE_IDENTIFIER = com.jeonggo.DMS;
				PRODUCT_NAME = "$(TARGET_NAME)";
				SWIFT_VERSION = 5.0;
			};
			name = Debug;
		};
		D97E480D2668EC5600E5BA4F /* Release */ = {
			isa = XCBuildConfiguration;
			buildSettings = {
				CODE_SIGN_STYLE = Automatic;
				CURRENT_PROJECT_VERSION = 1;
				DEVELOPMENT_TEAM = Z25H7B85Z8;
				MARKETING_VERSION = 1.0;
				PRODUCT_BUNDLE_IDENTIFIER = com.jeonggo.DMS;
				PRODUCT_NAME = "$(TARGET_NAME)";
				SWIFT_VERSION = 5.0;
			};
			name = Release;
		};
/* End XCBuildConfiguration section */

/* Begin XCConfigurationList section */
		D97E47D32668EC5000E5BA4F /* Build configuration list for PBXProject "DMS" */ = {
			isa = XCConfigurationList;
			buildConfigurations = (
				D97E48012668EC5600E5BA4F /* Debug */,
				D97E48022668EC5600E5BA4F /* Release */,
			);
			defaultConfigurationIsVisible = 0;
			defaultConfigurationName = Release;
		};
		D97E48032668EC5600E5BA4F /* Build configuration list for PBXNativeTarget "DMS WatchKit Extension" */ = {
			isa = XCConfigurationList;
			buildConfigurations = (
				D97E48042668EC5600E5BA4F /* Debug */,
				D97E48052668EC5600E5BA4F /* Release */,
			);
			defaultConfigurationIsVisible = 0;
			defaultConfigurationName = Release;
		};
		D97E48072668EC5600E5BA4F /* Build configuration list for PBXNativeTarget "DMS WatchKit App" */ = {
			isa = XCConfigurationList;
			buildConfigurations = (
				D97E48082668EC5600E5BA4F /* Debug */,
				D97E48092668EC5600E5BA4F /* Release */,
			);
			defaultConfigurationIsVisible = 0;
			defaultConfigurationName = Release;
		};
		D97E480B2668EC5600E5BA4F /* Build configuration list for PBXNativeTarget "DMS" */ = {
			isa = XCConfigurationList;
			buildConfigurations = (
				D97E480C2668EC5600E5BA4F /* Debug */,
				D97E480D2668EC5600E5BA4F /* Release */,
			);
			defaultConfigurationIsVisible = 0;
			defaultConfigurationName = Release;
		};
/* End XCConfigurationList section */
	};
	rootObject = D97E47D02668EC5000E5BA4F /* Project object */;
}
